
Microsoft Visual Studio Solution File, Format Version 12.00
# Visual Studio 14
VisualStudioVersion = 14.0.25420.1
MinimumVisualStudioVersion = 10.0.40219.1
Project("{FAE04EC0-301F-11D3-BF4B-00C04F79EFBC}") = "BlackJackV0", "BlackJackV0\BlackJackV0.csproj", "{C1062C23-0B47-4684-99B1-D18F27AC987F}"
EndProject
Project("{FAE04EC0-301F-11D3-BF4B-00C04F79EFBC}") = "Viikkotehtavat", "..\Viikkotehtavat\Viikkotehtavat.csproj", "{9149165A-6FFE-482B-84D8-D4711367437C}"
EndProject
Project("{FAE04EC0-301F-11D3-BF4B-00C04F79EFBC}") = "tehtäviä", "..\Tehtäviä\tehtäviä\tehtäviä.csproj", "{F68B075C-6DB8-4996-B810-0BBF2CD8927A}"
EndProject
Project("{FAE04EC0-301F-11D3-BF4B-00C04F79EFBC}") = "TTV16S4", "..\TTV16S4\TTV16S4.csproj", "{75310069-FF15-4AC4-B3A6-52FDFCBEE458}"
EndProject
Project("{FAE04EC0-301F-11D3-BF4B-00C04F79EFBC}") = "tuntiesmerkkejä", "..\tuntiesmerkkejä\tuntiesmerkkejä.csproj", "{B677A3AD-312E-4DC8-9013-DFAE7906BF6A}"
EndProject
Project("{FAE04EC0-301F-11D3-BF4B-00C04F79EFBC}") = "Demo06T01", "..\Demo06T01\Demo06T01.csproj", "{A654FA42-6A78-4A44-BB4B-40A9F504E70D}"
EndProject
Project("{FAE04EC0-301F-11D3-BF4B-00C04F79EFBC}") = "IODemo", "..\IODemo\IODemo.csproj", "{20D514D3-BB4C-4753-9BAC-42A3F471CFE5}"
EndProject
Project("{FAE04EC0-301F-11D3-BF4B-00C04F79EFBC}") = "YksikkoTestausta", "..\YksikkoTestausta\YksikkoTestausta.csproj", "{AAECADFC-29AC-4E04-8D9E-14A8BA12531A}"
EndProject
Project("{FAE04EC0-301F-11D3-BF4B-00C04F79EFBC}") = "YksikkoTestaustaTests", "..\YksikkoTestaustaTests\YksikkoTestaustaTests.csproj", "{AE61250F-245B-4085-A742-E08DC7DD7483}"
EndProject
Project("{FAE04EC0-301F-11D3-BF4B-00C04F79EFBC}") = "MyFirstWPF", "..\MyFirstWPF\MyFirstWPF.csproj", "{818066EF-C36C-4531-BF6D-FD47A2D479AB}"
EndProject
Project("{FAE04EC0-301F-11D3-BF4B-00C04F79EFBC}") = "WPFtehtäviä", "..\WPFtehtäviä\WPFtehtäviä.csproj", "{BA635AA5-F09F-43C7-BC11-12ADC40B0F27}"
EndProject
Project("{FAE04EC0-301F-11D3-BF4B-00C04F79EFBC}") = "WPFShoppingList", "..\WPFShoppingList\WPFShoppingList.csproj", "{3BFB7F62-007B-45CC-9BFF-5BA780C01594}"
EndProject
Global
	GlobalSection(SolutionConfigurationPlatforms) = preSolution
		Debug|Any CPU = Debug|Any CPU
		Release|Any CPU = Release|Any CPU
	EndGlobalSection
	GlobalSection(ProjectConfigurationPlatforms) = postSolution
		{C1062C23-0B47-4684-99B1-D18F27AC987F}.Debug|Any CPU.ActiveCfg = Debug|Any CPU
		{C1062C23-0B47-4684-99B1-D18F27AC987F}.Debug|Any CPU.Build.0 = Debug|Any CPU
		{C1062C23-0B47-4684-99B1-D18F27AC987F}.Release|Any CPU.ActiveCfg = Release|Any CPU
		{C1062C23-0B47-4684-99B1-D18F27AC987F}.Release|Any CPU.Build.0 = Release|Any CPU
		{9149165A-6FFE-482B-84D8-D4711367437C}.Debug|Any CPU.ActiveCfg = Debug|Any CPU
		{9149165A-6FFE-482B-84D8-D4711367437C}.Debug|Any CPU.Build.0 = Debug|Any CPU
		{9149165A-6FFE-482B-84D8-D4711367437C}.Release|Any CPU.ActiveCfg = Release|Any CPU
		{9149165A-6FFE-482B-84D8-D4711367437C}.Release|Any CPU.Build.0 = Release|Any CPU
		{F68B075C-6DB8-4996-B810-0BBF2CD8927A}.Debug|Any CPU.ActiveCfg = Debug|Any CPU
		{F68B075C-6DB8-4996-B810-0BBF2CD8927A}.Debug|Any CPU.Build.0 = Debug|Any CPU
		{F68B075C-6DB8-4996-B810-0BBF2CD8927A}.Release|Any CPU.ActiveCfg = Release|Any CPU
		{F68B075C-6DB8-4996-B810-0BBF2CD8927A}.Release|Any CPU.Build.0 = Release|Any CPU
		{75310069-FF15-4AC4-B3A6-52FDFCBEE458}.Debug|Any CPU.ActiveCfg = Debug|Any CPU
		{75310069-FF15-4AC4-B3A6-52FDFCBEE458}.Debug|Any CPU.Build.0 = Debug|Any CPU
		{75310069-FF15-4AC4-B3A6-52FDFCBEE458}.Release|Any CPU.ActiveCfg = Release|Any CPU
		{75310069-FF15-4AC4-B3A6-52FDFCBEE458}.Release|Any CPU.Build.0 = Release|Any CPU
		{B677A3AD-312E-4DC8-9013-DFAE7906BF6A}.Debug|Any CPU.ActiveCfg = Debug|Any CPU
		{B677A3AD-312E-4DC8-9013-DFAE7906BF6A}.Debug|Any CPU.Build.0 = Debug|Any CPU
		{B677A3AD-312E-4DC8-9013-DFAE7906BF6A}.Release|Any CPU.ActiveCfg = Release|Any CPU
		{B677A3AD-312E-4DC8-9013-DFAE7906BF6A}.Release|Any CPU.Build.0 = Release|Any CPU
		{A654FA42-6A78-4A44-BB4B-40A9F504E70D}.Debug|Any CPU.ActiveCfg = Debug|Any CPU
		{A654FA42-6A78-4A44-BB4B-40A9F504E70D}.Debug|Any CPU.Build.0 = Debug|Any CPU
		{A654FA42-6A78-4A44-BB4B-40A9F504E70D}.Release|Any CPU.ActiveCfg = Release|Any CPU
		{A654FA42-6A78-4A44-BB4B-40A9F504E70D}.Release|Any CPU.Build.0 = Release|Any CPU
		{20D514D3-BB4C-4753-9BAC-42A3F471CFE5}.Debug|Any CPU.ActiveCfg = Debug|Any CPU
		{20D514D3-BB4C-4753-9BAC-42A3F471CFE5}.Debug|Any CPU.Build.0 = Debug|Any CPU
		{20D514D3-BB4C-4753-9BAC-42A3F471CFE5}.Release|Any CPU.ActiveCfg = Release|Any CPU
		{20D514D3-BB4C-4753-9BAC-42A3F471CFE5}.Release|Any CPU.Build.0 = Release|Any CPU
		{AAECADFC-29AC-4E04-8D9E-14A8BA12531A}.Debug|Any CPU.ActiveCfg = Debug|Any CPU
		{AAECADFC-29AC-4E04-8D9E-14A8BA12531A}.Debug|Any CPU.Build.0 = Debug|Any CPU
		{AAECADFC-29AC-4E04-8D9E-14A8BA12531A}.Release|Any CPU.ActiveCfg = Release|Any CPU
		{AAECADFC-29AC-4E04-8D9E-14A8BA12531A}.Release|Any CPU.Build.0 = Release|Any CPU
		{AE61250F-245B-4085-A742-E08DC7DD7483}.Debug|Any CPU.ActiveCfg = Debug|Any CPU
		{AE61250F-245B-4085-A742-E08DC7DD7483}.Debug|Any CPU.Build.0 = Debug|Any CPU
		{AE61250F-245B-4085-A742-E08DC7DD7483}.Release|Any CPU.ActiveCfg = Release|Any CPU
		{AE61250F-245B-4085-A742-E08DC7DD7483}.Release|Any CPU.Build.0 = Release|Any CPU
		{818066EF-C36C-4531-BF6D-FD47A2D479AB}.Debug|Any CPU.ActiveCfg = Debug|Any CPU
		{818066EF-C36C-4531-BF6D-FD47A2D479AB}.Debug|Any CPU.Build.0 = Debug|Any CPU
		{818066EF-C36C-4531-BF6D-FD47A2D479AB}.Release|Any CPU.ActiveCfg = Release|Any CPU
		{818066EF-C36C-4531-BF6D-FD47A2D479AB}.Release|Any CPU.Build.0 = Release|Any CPU
		{BA635AA5-F09F-43C7-BC11-12ADC40B0F27}.Debug|Any CPU.ActiveCfg = Debug|Any CPU
		{BA635AA5-F09F-43C7-BC11-12ADC40B0F27}.Debug|Any CPU.Build.0 = Debug|Any CPU
		{BA635AA5-F09F-43C7-BC11-12ADC40B0F27}.Release|Any CPU.ActiveCfg = Release|Any CPU
		{BA635AA5-F09F-43C7-BC11-12ADC40B0F27}.Release|Any CPU.Build.0 = Release|Any CPU
		{3BFB7F62-007B-45CC-9BFF-5BA780C01594}.Debug|Any CPU.ActiveCfg = Debug|Any CPU
		{3BFB7F62-007B-45CC-9BFF-5BA780C01594}.Debug|Any CPU.Build.0 = Debug|Any CPU
		{3BFB7F62-007B-45CC-9BFF-5BA780C01594}.Release|Any CPU.ActiveCfg = Release|Any CPU
		{3BFB7F62-007B-45CC-9BFF-5BA780C01594}.Release|Any CPU.Build.0 = Release|Any CPU
	EndGlobalSection
	GlobalSection(SolutionProperties) = preSolution
		HideSolutionNode = FALSE
	EndGlobalSection
EndGlobal
